
Microsoft Visual Studio Solution File, Format Version 12.00
# Visual Studio Version 17
VisualStudioVersion = 17.0.31903.59
MinimumVisualStudioVersion = 10.0.40219.1
Project("{2150E333-8FDC-42A3-9474-1A3956D46DE8}") = "src", "src", "{093CE089-A969-4487-B130-525AB00DE2AE}"
EndProject
Project("{FAE04EC0-301F-11D3-BF4B-00C04F79EFBC}") = "Streamarr.Core", "src\Streamarr.Core\Streamarr.Core.csproj", "{A1C96336-96C0-4028-AD59-D55113A5BCC1}"
EndProject
Project("{FAE04EC0-301F-11D3-BF4B-00C04F79EFBC}") = "Streamarr.Usenet", "src\Streamarr.Usenet\Streamarr.Usenet.csproj", "{FF4847BB-F17C-4A4E-98A7-F3F5B30576C5}"
EndProject
Project("{FAE04EC0-301F-11D3-BF4B-00C04F79EFBC}") = "Streamarr.Server", "src\Streamarr.Server\Streamarr.Server.csproj", "{C10DC586-841D-4357-94D0-A773F5F9376C}"
EndProject
Project("{2150E333-8FDC-42A3-9474-1A3956D46DE8}") = "tests", "tests", "{A3E85400-C3F0-4A76-B711-FB44EA6D0B8F}"
EndProject
Project("{FAE04EC0-301F-11D3-BF4B-00C04F79EFBC}") = "Streamarr.Usenet.Tests", "tests\Streamarr.Usenet.Tests\Streamarr.Usenet.Tests.csproj", "{87FFEB5F-D060-47DA-8A18-C185BAFBD7DE}"
EndProject
Project("{FAE04EC0-301F-11D3-BF4B-00C04F79EFBC}") = "Streamarr.Core.Tests", "tests\Streamarr.Core.Tests\Streamarr.Core.Tests.csproj", "{F4E62F6D-39D8-402B-A54C-FD28020CD90D}"
EndProject
Project("{FAE04EC0-301F-11D3-BF4B-00C04F79EFBC}") = "Streamarr.Server.Tests", "tests\Streamarr.Server.Tests\Streamarr.Server.Tests.csproj", "{A315BCFE-1C1F-49EB-867B-4953F264610E}"
EndProject
Project("{FAE04EC0-301F-11D3-BF4B-00C04F79EFBC}") = "Streamarr.Tests.Shared", "tests\Streamarr.Tests.Shared\Streamarr.Tests.Shared.csproj", "{3140D44E-C8B7-4AF4-B25F-6B342D703146}"
EndProject
Project("{2150E333-8FDC-42A3-9474-1A3956D46DE8}") = "tools", "tools", "{8744AD62-96B7-43A2-BCFC-18CA0CEC2D09}"
EndProject
Project("{FAE04EC0-301F-11D3-BF4B-00C04F79EFBC}") = "Streamarr.Tools.Latency", "tools\latency\Streamarr.Tools.Latency.csproj", "{B0BAB4A0-8995-4F19-8D30-D751D767D903}"
EndProject
Global
	GlobalSection(SolutionConfigurationPlatforms) = preSolution
		Debug|Any CPU = Debug|Any CPU
		Release|Any CPU = Release|Any CPU
	EndGlobalSection
	GlobalSection(SolutionProperties) = preSolution
		HideSolutionNode = FALSE
	EndGlobalSection
	GlobalSection(ProjectConfigurationPlatforms) = postSolution
		{A1C96336-96C0-4028-AD59-D55113A5BCC1}.Debug|Any CPU.ActiveCfg = Debug|Any CPU
		{A1C96336-96C0-4028-AD59-D55113A5BCC1}.Debug|Any CPU.Build.0 = Debug|Any CPU
		{A1C96336-96C0-4028-AD59-D55113A5BCC1}.Release|Any CPU.ActiveCfg = Release|Any CPU
		{A1C96336-96C0-4028-AD59-D55113A5BCC1}.Release|Any CPU.Build.0 = Release|Any CPU
		{FF4847BB-F17C-4A4E-98A7-F3F5B30576C5}.Debug|Any CPU.ActiveCfg = Debug|Any CPU
		{FF4847BB-F17C-4A4E-98A7-F3F5B30576C5}.Debug|Any CPU.Build.0 = Debug|Any CPU
		{FF4847BB-F17C-4A4E-98A7-F3F5B30576C5}.Release|Any CPU.ActiveCfg = Release|Any CPU
		{FF4847BB-F17C-4A4E-98A7-F3F5B30576C5}.Release|Any CPU.Build.0 = Release|Any CPU
		{C10DC586-841D-4357-94D0-A773F5F9376C}.Debug|Any CPU.ActiveCfg = Debug|Any CPU
		{C10DC586-841D-4357-94D0-A773F5F9376C}.Debug|Any CPU.Build.0 = Debug|Any CPU
		{C10DC586-841D-4357-94D0-A773F5F9376C}.Release|Any CPU.ActiveCfg = Release|Any CPU
		{C10DC586-841D-4357-94D0-A773F5F9376C}.Release|Any CPU.Build.0 = Release|Any CPU
		{87FFEB5F-D060-47DA-8A18-C185BAFBD7DE}.Debug|Any CPU.ActiveCfg = Debug|Any CPU
		{87FFEB5F-D060-47DA-8A18-C185BAFBD7DE}.Debug|Any CPU.Build.0 = Debug|Any CPU
		{87FFEB5F-D060-47DA-8A18-C185BAFBD7DE}.Release|Any CPU.ActiveCfg = Release|Any CPU
		{87FFEB5F-D060-47DA-8A18-C185BAFBD7DE}.Release|Any CPU.Build.0 = Release|Any CPU
		{F4E62F6D-39D8-402B-A54C-FD28020CD90D}.Debug|Any CPU.ActiveCfg = Debug|Any CPU
		{F4E62F6D-39D8-402B-A54C-FD28020CD90D}.Debug|Any CPU.Build.0 = Debug|Any CPU
		{F4E62F6D-39D8-402B-A54C-FD28020CD90D}.Release|Any CPU.ActiveCfg = Release|Any CPU
		{F4E62F6D-39D8-402B-A54C-FD28020CD90D}.Release|Any CPU.Build.0 = Release|Any CPU
		{A315BCFE-1C1F-49EB-867B-4953F264610E}.Debug|Any CPU.ActiveCfg = Debug|Any CPU
		{A315BCFE-1C1F-49EB-867B-4953F264610E}.Debug|Any CPU.Build.0 = Debug|Any CPU
		{A315BCFE-1C1F-49EB-867B-4953F264610E}.Release|Any CPU.ActiveCfg = Release|Any CPU
		{A315BCFE-1C1F-49EB-867B-4953F264610E}.Release|Any CPU.Build.0 = Release|Any CPU
		{3140D44E-C8B7-4AF4-B25F-6B342D703146}.Debug|Any CPU.ActiveCfg = Debug|Any CPU
		{3140D44E-C8B7-4AF4-B25F-6B342D703146}.Debug|Any CPU.Build.0 = Debug|Any CPU
		{3140D44E-C8B7-4AF4-B25F-6B342D703146}.Release|Any CPU.ActiveCfg = Release|Any CPU
		{3140D44E-C8B7-4AF4-B25F-6B342D703146}.Release|Any CPU.Build.0 = Release|Any CPU
		{B0BAB4A0-8995-4F19-8D30-D751D767D903}.Debug|Any CPU.ActiveCfg = Debug|Any CPU
		{B0BAB4A0-8995-4F19-8D30-D751D767D903}.Debug|Any CPU.Build.0 = Debug|Any CPU
		{B0BAB4A0-8995-4F19-8D30-D751D767D903}.Release|Any CPU.ActiveCfg = Release|Any CPU
		{B0BAB4A0-8995-4F19-8D30-D751D767D903}.Release|Any CPU.Build.0 = Release|Any CPU
	EndGlobalSection
	GlobalSection(NestedProjects) = preSolution
		{A1C96336-96C0-4028-AD59-D55113A5BCC1} = {093CE089-A969-4487-B130-525AB00DE2AE}
		{FF4847BB-F17C-4A4E-98A7-F3F5B30576C5} = {093CE089-A969-4487-B130-525AB00DE2AE}
		{C10DC586-841D-4357-94D0-A773F5F9376C} = {093CE089-A969-4487-B130-525AB00DE2AE}
		{87FFEB5F-D060-47DA-8A18-C185BAFBD7DE} = {A3E85400-C3F0-4A76-B711-FB44EA6D0B8F}
		{F4E62F6D-39D8-402B-A54C-FD28020CD90D} = {A3E85400-C3F0-4A76-B711-FB44EA6D0B8F}
		{A315BCFE-1C1F-49EB-867B-4953F264610E} = {A3E85400-C3F0-4A76-B711-FB44EA6D0B8F}
		{3140D44E-C8B7-4AF4-B25F-6B342D703146} = {A3E85400-C3F0-4A76-B711-FB44EA6D0B8F}
		{B0BAB4A0-8995-4F19-8D30-D751D767D903} = {8744AD62-96B7-43A2-BCFC-18CA0CEC2D09}
	EndGlobalSection
EndGlobal
